// !$*UTF8*$!
{
	archiveVersion = 1;
	classes = {
	};
	objectVersion = 56;
	objects = {

/* Begin PBXBuildFile section */
		992153EA29A397B800765021 /* AppDelegate.swift in Sources */ = {isa = PBXBuildFile; fileRef = 992153E929A397B800765021 /* AppDelegate.swift */; };
		992153EC29A397B800765021 /* SceneDelegate.swift in Sources */ = {isa = PBXBuildFile; fileRef = 992153EB29A397B800765021 /* SceneDelegate.swift */; };
		992153EE29A397B800765021 /* ViewController.swift in Sources */ = {isa = PBXBuildFile; fileRef = 992153ED29A397B800765021 /* ViewController.swift */; };
		992153F129A397B800765021 /* Main.storyboard in Resources */ = {isa = PBXBuildFile; fileRef = 992153EF29A397B800765021 /* Main.storyboard */; };
		992153F329A397B800765021 /* Assets.xcassets in Resources */ = {isa = PBXBuildFile; fileRef = 992153F229A397B800765021 /* Assets.xcassets */; };
		992153F629A397B800765021 /* LaunchScreen.storyboard in Resources */ = {isa = PBXBuildFile; fileRef = 992153F429A397B800765021 /* LaunchScreen.storyboard */; };
		9921540129A397B800765021 /* counter_sprint3Tests.swift in Sources */ = {isa = PBXBuildFile; fileRef = 9921540029A397B800765021 /* counter_sprint3Tests.swift */; };
		9921540B29A397B800765021 /* counter_sprint3UITests.swift in Sources */ = {isa = PBXBuildFile; fileRef = 9921540A29A397B800765021 /* counter_sprint3UITests.swift */; };
		9921540D29A397B800765021 /* counter_sprint3UITestsLaunchTests.swift in Sources */ = {isa = PBXBuildFile; fileRef = 9921540C29A397B800765021 /* counter_sprint3UITestsLaunchTests.swift */; };
/* End PBXBuildFile section */

/* Begin PBXContainerItemProxy section */
		992153FD29A397B800765021 /* PBXContainerItemProxy */ = {
			isa = PBXContainerItemProxy;
			containerPortal = 992153DE29A397B800765021 /* Project object */;
			proxyType = 1;
			remoteGlobalIDString = 992153E529A397B800765021;
			remoteInfo = counter_sprint3;
		};
		9921540729A397B800765021 /* PBXContainerItemProxy */ = {
			isa = PBXContainerItemProxy;
			containerPortal = 992153DE29A397B800765021 /* Project object */;
			proxyType = 1;
			remoteGlobalIDString = 992153E529A397B800765021;
			remoteInfo = counter_sprint3;
		};
/* End PBXContainerItemProxy section */

/* Begin PBXFileReference section */
		992153E629A397B800765021 /* counter_sprint3.app */ = {isa = PBXFileReference; explicitFileType = wrapper.application; includeInIndex = 0; path = counter_sprint3.app; sourceTree = BUILT_PRODUCTS_DIR; };
		992153E929A397B800765021 /* AppDelegate.swift */ = {isa = PBXFileReference; lastKnownFileType = sourcecode.swift; path = AppDelegate.swift; sourceTree = "<group>"; };
		992153EB29A397B800765021 /* SceneDelegate.swift */ = {isa = PBXFileReference; lastKnownFileType = sourcecode.swift; path = SceneDelegate.swift; sourceTree = "<group>"; };
		992153ED29A397B800765021 /* ViewController.swift */ = {isa = PBXFileReference; lastKnownFileType = sourcecode.swift; path = ViewController.swift; sourceTree = "<group>"; };
		992153F029A397B800765021 /* Base */ = {isa = PBXFileReference; lastKnownFileType = file.storyboard; name = Base; path = Base.lproj/Main.storyboard; sourceTree = "<group>"; };
		992153F229A397B800765021 /* Assets.xcassets */ = {isa = PBXFileReference; lastKnownFileType = folder.assetcatalog; path = Assets.xcassets; sourceTree = "<group>"; };
		992153F529A397B800765021 /* Base */ = {isa = PBXFileReference; lastKnownFileType = file.storyboard; name = Base; path = Base.lproj/LaunchScreen.storyboard; sourceTree = "<group>"; };
		992153F729A397B800765021 /* Info.plist */ = {isa = PBXFileReference; lastKnownFileType = text.plist.xml; path = Info.plist; sourceTree = "<group>"; };
		992153FC29A397B800765021 /* counter_sprint3Tests.xctest */ = {isa = PBXFileReference; explicitFileType = wrapper.cfbundle; includeInIndex = 0; path = counter_sprint3Tests.xctest; sourceTree = BUILT_PRODUCTS_DIR; };
		9921540029A397B800765021 /* counter_sprint3Tests.swift */ = {isa = PBXFileReference; lastKnownFileType = sourcecode.swift; path = counter_sprint3Tests.swift; sourceTree = "<group>"; };
		9921540629A397B800765021 /* counter_sprint3UITests.xctest */ = {isa = PBXFileReference; explicitFileType = wrapper.cfbundle; includeInIndex = 0; path = counter_sprint3UITests.xctest; sourceTree = BUILT_PRODUCTS_DIR; };
		9921540A29A397B800765021 /* counter_sprint3UITests.swift */ = {isa = PBXFileReference; lastKnownFileType = sourcecode.swift; path = counter_sprint3UITests.swift; sourceTree = "<group>"; };
		9921540C29A397B800765021 /* counter_sprint3UITestsLaunchTests.swift */ = {isa = PBXFileReference; lastKnownFileType = sourcecode.swift; path = counter_sprint3UITestsLaunchTests.swift; sourceTree = "<group>"; };
/* End PBXFileReference section */

/* Begin PBXFrameworksBuildPhase section */
		992153E329A397B800765021 /* Frameworks */ = {
			isa = PBXFrameworksBuildPhase;
			buildActionMask = 2147483647;
			files = (
			);
			runOnlyForDeploymentPostprocessing = 0;
		};
		992153F929A397B800765021 /* Frameworks */ = {
			isa = PBXFrameworksBuildPhase;
			buildActionMask = 2147483647;
			files = (
			);
			runOnlyForDeploymentPostprocessing = 0;
		};
		9921540329A397B800765021 /* Frameworks */ = {
			isa = PBXFrameworksBuildPhase;
			buildActionMask = 2147483647;
			files = (
			);
			runOnlyForDeploymentPostprocessing = 0;
		};
/* End PBXFrameworksBuildPhase section */

/* Begin PBXGroup section */
		992153DD29A397B800765021 = {
			isa = PBXGroup;
			children = (
				992153E829A397B800765021 /* counter_sprint3 */,
				992153FF29A397B800765021 /* counter_sprint3Tests */,
				9921540929A397B800765021 /* counter_sprint3UITests */,
				992153E729A397B800765021 /* Products */,
			);
			sourceTree = "<group>";
		};
		992153E729A397B800765021 /* Products */ = {
			isa = PBXGroup;
			children = (
				992153E629A397B800765021 /* counter_sprint3.app */,
				992153FC29A397B800765021 /* counter_sprint3Tests.xctest */,
				9921540629A397B800765021 /* counter_sprint3UITests.xctest */,
			);
			name = Products;
			sourceTree = "<group>";
		};
		992153E829A397B800765021 /* counter_sprint3 */ = {
			isa = PBXGroup;
			children = (
				992153E929A397B800765021 /* AppDelegate.swift */,
				992153EB29A397B800765021 /* SceneDelegate.swift */,
				992153ED29A397B800765021 /* ViewController.swift */,
				992153EF29A397B800765021 /* Main.storyboard */,
				992153F229A397B800765021 /* Assets.xcassets */,
				992153F429A397B800765021 /* LaunchScreen.storyboard */,
				992153F729A397B800765021 /* Info.plist */,
			);
			path = counter_sprint3;
			sourceTree = "<group>";
		};
		992153FF29A397B800765021 /* counter_sprint3Tests */ = {
			isa = PBXGroup;
			children = (
				9921540029A397B800765021 /* counter_sprint3Tests.swift */,
			);
			path = counter_sprint3Tests;
			sourceTree = "<group>";
		};
		9921540929A397B800765021 /* counter_sprint3UITests */ = {
			isa = PBXGroup;
			children = (
				9921540A29A397B800765021 /* counter_sprint3UITests.swift */,
				9921540C29A397B800765021 /* counter_sprint3UITestsLaunchTests.swift */,
			);
			path = counter_sprint3UITests;
			sourceTree = "<group>";
		};
/* End PBXGroup section */

/* Begin PBXNativeTarget section */
		992153E529A397B800765021 /* counter_sprint3 */ = {
			isa = PBXNativeTarget;
			buildConfigurationList = 9921541029A397B800765021 /* Build configuration list for PBXNativeTarget "counter_sprint3" */;
			buildPhases = (
				992153E229A397B800765021 /* Sources */,
				992153E329A397B800765021 /* Frameworks */,
				992153E429A397B800765021 /* Resources */,
			);
			buildRules = (
			);
			dependencies = (
			);
			name = counter_sprint3;
			productName = counter_sprint3;
			productReference = 992153E629A397B800765021 /* counter_sprint3.app */;
			productType = "com.apple.product-type.application";
		};
		992153FB29A397B800765021 /* counter_sprint3Tests */ = {
			isa = PBXNativeTarget;
			buildConfigurationList = 9921541329A397B800765021 /* Build configuration list for PBXNativeTarget "counter_sprint3Tests" */;
			buildPhases = (
				992153F829A397B800765021 /* Sources */,
				992153F929A397B800765021 /* Frameworks */,
				992153FA29A397B800765021 /* Resources */,
			);
			buildRules = (
			);
			dependencies = (
				992153FE29A397B800765021 /* PBXTargetDependency */,
			);
			name = counter_sprint3Tests;
			productName = counter_sprint3Tests;
			productReference = 992153FC29A397B800765021 /* counter_sprint3Tests.xctest */;
			productType = "com.apple.product-type.bundle.unit-test";
		};
		9921540529A397B800765021 /* counter_sprint3UITests */ = {
			isa = PBXNativeTarget;
			buildConfigurationList = 9921541629A397B800765021 /* Build configuration list for PBXNativeTarget "counter_sprint3UITests" */;
			buildPhases = (
				9921540229A397B800765021 /* Sources */,
				9921540329A397B800765021 /* Frameworks */,
				9921540429A397B800765021 /* Resources */,
			);
			buildRules = (
			);
			dependencies = (
				9921540829A397B800765021 /* PBXTargetDependency */,
			);
			name = counter_sprint3UITests;
			productName = counter_sprint3UITests;
			productReference = 9921540629A397B800765021 /* counter_sprint3UITests.xctest */;
			productType = "com.apple.product-type.bundle.ui-testing";
		};
/* End PBXNativeTarget section */

/* Begin PBXProject section */
		992153DE29A397B800765021 /* Project object */ = {
			isa = PBXProject;
			attributes = {
				BuildIndependentTargetsInParallel = 1;
				LastSwiftUpdateCheck = 1410;
				LastUpgradeCheck = 1410;
				TargetAttributes = {
					992153E529A397B800765021 = {
						CreatedOnToolsVersion = 14.1;
					};
					992153FB29A397B800765021 = {
						CreatedOnToolsVersion = 14.1;
						TestTargetID = 992153E529A397B800765021;
					};
					9921540529A397B800765021 = {
						CreatedOnToolsVersion = 14.1;
						TestTargetID = 992153E529A397B800765021;
					};
				};
			};
			buildConfigurationList = 992153E129A397B800765021 /* Build configuration list for PBXProject "counter_sprint3" */;
			compatibilityVersion = "Xcode 14.0";
			developmentRegion = en;
			hasScannedForEncodings = 0;
			knownRegions = (
				en,
				Base,
			);
			mainGroup = 992153DD29A397B800765021;
			productRefGroup = 992153E729A397B800765021 /* Products */;
			projectDirPath = "";
			projectRoot = "";
			targets = (
				992153E529A397B800765021 /* counter_sprint3 */,
				992153FB29A397B800765021 /* counter_sprint3Tests */,
				9921540529A397B800765021 /* counter_sprint3UITests */,
			);
		};
/* End PBXProject section */

/* Begin PBXResourcesBuildPhase section */
		992153E429A397B800765021 /* Resources */ = {
			isa = PBXResourcesBuildPhase;
			buildActionMask = 2147483647;
			files = (
				992153F629A397B800765021 /* LaunchScreen.storyboard in Resources */,
				992153F329A397B800765021 /* Assets.xcassets in Resources */,
				992153F129A397B800765021 /* Main.storyboard in Resources */,
			);
			runOnlyForDeploymentPostprocessing = 0;
		};
		992153FA29A397B800765021 /* Resources */ = {
			isa = PBXResourcesBuildPhase;
			buildActionMask = 2147483647;
			files = (
			);
			runOnlyForDeploymentPostprocessing = 0;
		};
		9921540429A397B800765021 /* Resources */ = {
			isa = PBXResourcesBuildPhase;
			buildActionMask = 2147483647;
			files = (
			);
			runOnlyForDeploymentPostprocessing = 0;
		};
/* End PBXResourcesBuildPhase section */

/* Begin PBXSourcesBuildPhase section */
		992153E229A397B800765021 /* Sources */ = {
			isa = PBXSourcesBuildPhase;
			buildActionMask = 2147483647;
			files = (
				992153EE29A397B800765021 /* ViewController.swift in Sources */,
				992153EA29A397B800765021 /* AppDelegate.swift in Sources */,
				992153EC29A397B800765021 /* SceneDelegate.swift in Sources */,
			);
			runOnlyForDeploymentPostprocessing = 0;
		};
		992153F829A397B800765021 /* Sources */ = {
			isa = PBXSourcesBuildPhase;
			buildActionMask = 2147483647;
			files = (
				9921540129A397B800765021 /* counter_sprint3Tests.swift in Sources */,
			);
			runOnlyForDeploymentPostprocessing = 0;
		};
		9921540229A397B800765021 /* Sources */ = {
			isa = PBXSourcesBuildPhase;
			buildActionMask = 2147483647;
			files = (
				9921540B29A397B800765021 /* counter_sprint3UITests.swift in Sources */,
				9921540D29A397B800765021 /* counter_sprint3UITestsLaunchTests.swift in Sources */,
			);
			runOnlyForDeploymentPostprocessing = 0;
		};
/* End PBXSourcesBuildPhase section */

/* Begin PBXTargetDependency section */
		992153FE29A397B800765021 /* PBXTargetDependency */ = {
			isa = PBXTargetDependency;
			target = 992153E529A397B800765021 /* counter_sprint3 */;
			targetProxy = 992153FD29A397B800765021 /* PBXContainerItemProxy */;
		};
		9921540829A397B800765021 /* PBXTargetDependency */ = {
			isa = PBXTargetDependency;
			target = 992153E529A397B800765021 /* counter_sprint3 */;
			targetProxy = 9921540729A397B800765021 /* PBXContainerItemProxy */;
		};
/* End PBXTargetDependency section */

/* Begin PBXVariantGroup section */
		992153EF29A397B800765021 /* Main.storyboard */ = {
			isa = PBXVariantGroup;
			children = (
				992153F029A397B800765021 /* Base */,
			);
			name = Main.storyboard;
			sourceTree = "<group>";
		};
		992153F429A397B800765021 /* LaunchScreen.storyboard */ = {
			isa = PBXVariantGroup;
			children = (
				992153F529A397B800765021 /* Base */,
			);
			name = LaunchScreen.storyboard;
			sourceTree = "<group>";
		};
/* End PBXVariantGroup section */

/* Begin XCBuildConfiguration section */
		9921540E29A397B800765021 /* Debug */ = {
			isa = XCBuildConfiguration;
			buildSettings = {
				ALWAYS_SEARCH_USER_PATHS = NO;
				CLANG_ANALYZER_NONNULL = YES;
				CLANG_ANALYZER_NUMBER_OBJECT_CONVERSION = YES_AGGRESSIVE;
				CLANG_CXX_LANGUAGE_STANDARD = "gnu++20";
				CLANG_ENABLE_MODULES = YES;
				CLANG_ENABLE_OBJC_ARC = YES;
				CLANG_ENABLE_OBJC_WEAK = YES;
				CLANG_WARN_BLOCK_CAPTURE_AUTORELEASING = YES;
				CLANG_WARN_BOOL_CONVERSION = YES;
				CLANG_WARN_COMMA = YES;
				CLANG_WARN_CONSTANT_CONVERSION = YES;
				CLANG_WARN_DEPRECATED_OBJC_IMPLEMENTATIONS = YES;
				CLANG_WARN_DIRECT_OBJC_ISA_USAGE = YES_ERROR;
				CLANG_WARN_DOCUMENTATION_COMMENTS = YES;
				CLANG_WARN_EMPTY_BODY = YES;
				CLANG_WARN_ENUM_CONVERSION = YES;
				CLANG_WARN_INFINITE_RECURSION = YES;
				CLANG_WARN_INT_CONVERSION = YES;
				CLANG_WARN_NON_LITERAL_NULL_CONVERSION = YES;
				CLANG_WARN_OBJC_IMPLICIT_RETAIN_SELF = YES;
				CLANG_WARN_OBJC_LITERAL_CONVERSION = YES;
				CLANG_WARN_OBJC_ROOT_CLASS = YES_ERROR;
				CLANG_WARN_QUOTED_INCLUDE_IN_FRAMEWORK_HEADER = YES;
				CLANG_WARN_RANGE_LOOP_ANALYSIS = YES;
				CLANG_WARN_STRICT_PROTOTYPES = YES;
				CLANG_WARN_SUSPICIOUS_MOVE = YES;
				CLANG_WARN_UNGUARDED_AVAILABILITY = YES_AGGRESSIVE;
				CLANG_WARN_UNREACHABLE_CODE = YES;
				CLANG_WARN__DUPLICATE_METHOD_MATCH = YES;
				COPY_PHASE_STRIP = NO;
				DEBUG_INFORMATION_FORMAT = dwarf;
				ENABLE_STRICT_OBJC_MSGSEND = YES;
				ENABLE_TESTABILITY = YES;
				GCC_C_LANGUAGE_STANDARD = gnu11;
				GCC_DYNAMIC_NO_PIC = NO;
				GCC_NO_COMMON_BLOCKS = YES;
				GCC_OPTIMIZATION_LEVEL = 0;
				GCC_PREPROCESSOR_DEFINITIONS = (
					"DEBUG=1",
					"$(inherited)",
				);
				GCC_WARN_64_TO_32_BIT_CONVERSION = YES;
				GCC_WARN_ABOUT_RETURN_TYPE = YES_ERROR;
				GCC_WARN_UNDECLARED_SELECTOR = YES;
				GCC_WARN_UNINITIALIZED_AUTOS = YES_AGGRESSIVE;
				GCC_WARN_UNUSED_FUNCTION = YES;
				GCC_WARN_UNUSED_VARIABLE = YES;
				IPHONEOS_DEPLOYMENT_TARGET = 16.1;
				MTL_ENABLE_DEBUG_INFO = INCLUDE_SOURCE;
				MTL_FAST_MATH = YES;
				ONLY_ACTIVE_ARCH = YES;
				SDKROOT = iphoneos;
				SWIFT_ACTIVE_COMPILATION_CONDITIONS = DEBUG;
				SWIFT_OPTIMIZATION_LEVEL = "-Onone";
			};
			name = Debug;
		};
		9921540F29A397B800765021 /* Release */ = {
			isa = XCBuildConfiguration;
			buildSettings = {
				ALWAYS_SEARCH_USER_PATHS = NO;
				CLANG_ANALYZER_NONNULL = YES;
				CLANG_ANALYZER_NUMBER_OBJECT_CONVERSION = YES_AGGRESSIVE;
				CLANG_CXX_LANGUAGE_STANDARD = "gnu++20";
				CLANG_ENABLE_MODULES = YES;
				CLANG_ENABLE_OBJC_ARC = YES;
				CLANG_ENABLE_OBJC_WEAK = YES;
				CLANG_WARN_BLOCK_CAPTURE_AUTORELEASING = YES;
				CLANG_WARN_BOOL_CONVERSION = YES;
				CLANG_WARN_COMMA = YES;
				CLANG_WARN_CONSTANT_CONVERSION = YES;
				CLANG_WARN_DEPRECATED_OBJC_IMPLEMENTATIONS = YES;
				CLANG_WARN_DIRECT_OBJC_ISA_USAGE = YES_ERROR;
				CLANG_WARN_DOCUMENTATION_COMMENTS = YES;
				CLANG_WARN_EMPTY_BODY = YES;
				CLANG_WARN_ENUM_CONVERSION = YES;
				CLANG_WARN_INFINITE_RECURSION = YES;
				CLANG_WARN_INT_CONVERSION = YES;
				CLANG_WARN_NON_LITERAL_NULL_CONVERSION = YES;
				CLANG_WARN_OBJC_IMPLICIT_RETAIN_SELF = YES;
				CLANG_WARN_OBJC_LITERAL_CONVERSION = YES;
				CLANG_WARN_OBJC_ROOT_CLASS = YES_ERROR;
				CLANG_WARN_QUOTED_INCLUDE_IN_FRAMEWORK_HEADER = YES;
				CLANG_WARN_RANGE_LOOP_ANALYSIS = YES;
				CLANG_WARN_STRICT_PROTOTYPES = YES;
				CLANG_WARN_SUSPICIOUS_MOVE = YES;
				CLANG_WARN_UNGUARDED_AVAILABILITY = YES_AGGRESSIVE;
				CLANG_WARN_UNREACHABLE_CODE = YES;
				CLANG_WARN__DUPLICATE_METHOD_MATCH = YES;
				COPY_PHASE_STRIP = NO;
				DEBUG_INFORMATION_FORMAT = "dwarf-with-dsym";
				ENABLE_NS_ASSERTIONS = NO;
				ENABLE_STRICT_OBJC_MSGSEND = YES;
				GCC_C_LANGUAGE_STANDARD = gnu11;
				GCC_NO_COMMON_BLOCKS = YES;
				GCC_WARN_64_TO_32_BIT_CONVERSION = YES;
				GCC_WARN_ABOUT_RETURN_TYPE = YES_ERROR;
				GCC_WARN_UNDECLARED_SELECTOR = YES;
				GCC_WARN_UNINITIALIZED_AUTOS = YES_AGGRESSIVE;
				GCC_WARN_UNUSED_FUNCTION = YES;
				GCC_WARN_UNUSED_VARIABLE = YES;
				IPHONEOS_DEPLOYMENT_TARGET = 16.1;
				MTL_ENABLE_DEBUG_INFO = NO;
				MTL_FAST_MATH = YES;
				SDKROOT = iphoneos;
				SWIFT_COMPILATION_MODE = wholemodule;
				SWIFT_OPTIMIZATION_LEVEL = "-O";
				VALIDATE_PRODUCT = YES;
			};
			name = Release;
		};
		9921541129A397B800765021 /* Debug */ = {
			isa = XCBuildConfiguration;
			buildSettings = {
				ASSETCATALOG_COMPILER_APPICON_NAME = AppIcon;
				ASSETCATALOG_COMPILER_GLOBAL_ACCENT_COLOR_NAME = AccentColor;
				CODE_SIGN_STYLE = Automatic;
				CURRENT_PROJECT_VERSION = 1;
				DEVELOPMENT_TEAM = PBPYBYWZ7H;
				GENERATE_INFOPLIST_FILE = YES;
				INFOPLIST_FILE = counter_sprint3/Info.plist;
				INFOPLIST_KEY_UIApplicationSupportsIndirectInputEvents = YES;
				INFOPLIST_KEY_UILaunchStoryboardName = LaunchScreen;
				INFOPLIST_KEY_UIMainStoryboardFile = Main;
				INFOPLIST_KEY_UISupportedInterfaceOrientations_iPad = "UIInterfaceOrientationPortrait UIInterfaceOrientationPortraitUpsideDown UIInterfaceOrientationLandscapeLeft UIInterfaceOrientationLandscapeRight";
				INFOPLIST_KEY_UISupportedInterfaceOrientations_iPhone = "UIInterfaceOrientationPortrait UIInterfaceOrientationLandscapeLeft UIInterfaceOrientationLandscapeRight";
				LD_RUNPATH_SEARCH_PATHS = (
					"$(inherited)",
					"@executable_path/Frameworks",
				);
				MARKETING_VERSION = 1.0;
				PRODUCT_BUNDLE_IDENTIFIER = "test.counter-sprint3";
				PRODUCT_NAME = "$(TARGET_NAME)";
				SWIFT_EMIT_LOC_STRINGS = YES;
				SWIFT_VERSION = 5.0;
				TARGETED_DEVICE_FAMILY = "1,2";
			};
			name = Debug;
		};
		9921541229A397B800765021 /* Release */ = {
			isa = XCBuildConfiguration;
			buildSettings = {
				ASSETCATALOG_COMPILER_APPICON_NAME = AppIcon;
				ASSETCATALOG_COMPILER_GLOBAL_ACCENT_COLOR_NAME = AccentColor;
				CODE_SIGN_STYLE = Automatic;
				CURRENT_PROJECT_VERSION = 1;
				DEVELOPMENT_TEAM = PBPYBYWZ7H;
				GENERATE_INFOPLIST_FILE = YES;
				INFOPLIST_FILE = counter_sprint3/Info.plist;
				INFOPLIST_KEY_UIApplicationSupportsIndirectInputEvents = YES;
				INFOPLIST_KEY_UILaunchStoryboardName = LaunchScreen;
				INFOPLIST_KEY_UIMainStoryboardFile = Main;
				INFOPLIST_KEY_UISupportedInterfaceOrientations_iPad = "UIInterfaceOrientationPortrait UIInterfaceOrientationPortraitUpsideDown UIInterfaceOrientationLandscapeLeft UIInterfaceOrientationLandscapeRight";
				INFOPLIST_KEY_UISupportedInterfaceOrientations_iPhone = "UIInterfaceOrientationPortrait UIInterfaceOrientationLandscapeLeft UIInterfaceOrientationLandscapeRight";
				LD_RUNPATH_SEARCH_PATHS = (
					"$(inherited)",
					"@executable_path/Frameworks",
				);
				MARKETING_VERSION = 1.0;
				PRODUCT_BUNDLE_IDENTIFIER = "test.counter-sprint3";
				PRODUCT_NAME = "$(TARGET_NAME)";
				SWIFT_EMIT_LOC_STRINGS = YES;
				SWIFT_VERSION = 5.0;
				TARGETED_DEVICE_FAMILY = "1,2";
			};
			name = Release;
		};
		9921541429A397B800765021 /* Debug */ = {
			isa = XCBuildConfiguration;
			buildSettings = {
				ALWAYS_EMBED_SWIFT_STANDARD_LIBRARIES = YES;
				BUNDLE_LOADER = "$(TEST_HOST)";
				CODE_SIGN_STYLE = Automatic;
				CURRENT_PROJECT_VERSION = 1;
				DEVELOPMENT_TEAM = PBPYBYWZ7H;
				GENERATE_INFOPLIST_FILE = YES;
				IPHONEOS_DEPLOYMENT_TARGET = 16.1;
				MARKETING_VERSION = 1.0;
				PRODUCT_BUNDLE_IDENTIFIER = "test.counter-sprint3Tests";
				PRODUCT_NAME = "$(TARGET_NAME)";
				SWIFT_EMIT_LOC_STRINGS = NO;
				SWIFT_VERSION = 5.0;
				TARGETED_DEVICE_FAMILY = "1,2";
				TEST_HOST = "$(BUILT_PRODUCTS_DIR)/counter_sprint3.app/$(BUNDLE_EXECUTABLE_FOLDER_PATH)/counter_sprint3";
			};
			name = Debug;
		};
		9921541529A397B800765021 /* Release */ = {
			isa = XCBuildConfiguration;
			buildSettings = {
				ALWAYS_EMBED_SWIFT_STANDARD_LIBRARIES = YES;
				BUNDLE_LOADER = "$(TEST_HOST)";
				CODE_SIGN_STYLE = Automatic;
				CURRENT_PROJECT_VERSION = 1;
				DEVELOPMENT_TEAM = PBPYBYWZ7H;
				GENERATE_INFOPLIST_FILE = YES;
				IPHONEOS_DEPLOYMENT_TARGET = 16.1;
				MARKETING_VERSION = 1.0;
				PRODUCT_BUNDLE_IDENTIFIER = "test.counter-sprint3Tests";
				PRODUCT_NAME = "$(TARGET_NAME)";
				SWIFT_EMIT_LOC_STRINGS = NO;
				SWIFT_VERSION = 5.0;
				TARGETED_DEVICE_FAMILY = "1,2";
				TEST_HOST = "$(BUILT_PRODUCTS_DIR)/counter_sprint3.app/$(BUNDLE_EXECUTABLE_FOLDER_PATH)/counter_sprint3";
			};
			name = Release;
		};
		9921541729A397B800765021 /* Debug */ = {
			isa = XCBuildConfiguration;
			buildSettings = {
				ALWAYS_EMBED_SWIFT_STANDARD_LIBRARIES = YES;
				CODE_SIGN_STYLE = Automatic;
				CURRENT_PROJECT_VERSION = 1;
				DEVELOPMENT_TEAM = PBPYBYWZ7H;
				GENERATE_INFOPLIST_FILE = YES;
				MARKETING_VERSION = 1.0;
				PRODUCT_BUNDLE_IDENTIFIER = "test.counter-sprint3UITests";
				PRODUCT_NAME = "$(TARGET_NAME)";
				SWIFT_EMIT_LOC_STRINGS = NO;
				SWIFT_VERSION = 5.0;
				TARGETED_DEVICE_FAMILY = "1,2";
				TEST_TARGET_NAME = counter_sprint3;
			};
			name = Debug;
		};
		9921541829A397B800765021 /* Release */ = {
			isa = XCBuildConfiguration;
			buildSettings = {
				ALWAYS_EMBED_SWIFT_STANDARD_LIBRARIES = YES;
				CODE_SIGN_STYLE = Automatic;
				CURRENT_PROJECT_VERSION = 1;
				DEVELOPMENT_TEAM = PBPYBYWZ7H;
				GENERATE_INFOPLIST_FILE = YES;
				MARKETING_VERSION = 1.0;
				PRODUCT_BUNDLE_IDENTIFIER = "test.counter-sprint3UITests";
				PRODUCT_NAME = "$(TARGET_NAME)";
				SWIFT_EMIT_LOC_STRINGS = NO;
				SWIFT_VERSION = 5.0;
				TARGETED_DEVICE_FAMILY = "1,2";
				TEST_TARGET_NAME = counter_sprint3;
			};
			name = Release;
		};
/* End XCBuildConfiguration section */

/* Begin XCConfigurationList section */
		992153E129A397B800765021 /* Build configuration list for PBXProject "counter_sprint3" */ = {
			isa = XCConfigurationList;
			buildConfigurations = (
				9921540E29A397B800765021 /* Debug */,
				9921540F29A397B800765021 /* Release */,
			);
			defaultConfigurationIsVisible = 0;
			defaultConfigurationName = Release;
		};
		9921541029A397B800765021 /* Build configuration list for PBXNativeTarget "counter_sprint3" */ = {
			isa = XCConfigurationList;
			buildConfigurations = (
				9921541129A397B800765021 /* Debug */,
				9921541229A397B800765021 /* Release */,
			);
			defaultConfigurationIsVisible = 0;
			defaultConfigurationName = Release;
		};
		9921541329A397B800765021 /* Build configuration list for PBXNativeTarget "counter_sprint3Tests" */ = {
			isa = XCConfigurationList;
			buildConfigurations = (
				9921541429A397B800765021 /* Debug */,
				9921541529A397B800765021 /* Release */,
			);
			defaultConfigurationIsVisible = 0;
			defaultConfigurationName = Release;
		};
		9921541629A397B800765021 /* Build configuration list for PBXNativeTarget "counter_sprint3UITests" */ = {
			isa = XCConfigurationList;
			buildConfigurations = (
				9921541729A397B800765021 /* Debug */,
				9921541829A397B800765021 /* Release */,
			);
			defaultConfigurationIsVisible = 0;
			defaultConfigurationName = Release;
		};
/* End XCConfigurationList section */
	};
	rootObject = 992153DE29A397B800765021 /* Project object */;
}
